<?xml version="1.0" encoding="utf-8"?>
<Project ToolsVersion="4.0" xmlns="http://schemas.microsoft.com/developer/msbuild/2003">
  <ItemGroup>
    <Filter Include="Source Files">
      <UniqueIdentifier>{4FC737F1-C7A5-4376-A066-2A32D752A2FF}</UniqueIdentifier>
      <Extensions>cpp;c;cc;cxx;def;odl;idl;hpj;bat;asm;asmx</Extensions>
    </Filter>
    <Filter Include="Header Files">
      <UniqueIdentifier>{93995380-89BD-4b04-88EB-625FBE52EBFB}</UniqueIdentifier>
      <Extensions>h;hh;hpp;hxx;hm;inl;inc;xsd</Extensions>
    </Filter>
    <Filter Include="Resource Files">
      <UniqueIdentifier>{67DA6AB6-F800-4c08-8B7A-83BB121AAD01}</UniqueIdentifier>
      <Extensions>rc;ico;cur;bmp;dlg;rc2;rct;bin;rgs;gif;jpg;jpeg;jpe;resx;tiff;tif;png;wav;mfcribbon-ms</Extensions>
    </Filter>
    <Filter Include="Source Files\database_configurations">
      <UniqueIdentifier>{053a36b6-4ea3-4434-adbb-6eb63340e6d1}</UniqueIdentifier>
    </Filter>
    <Filter Include="Header Files\include">
      <UniqueIdentifier>{78e2ac3e-eef3-4dc5-8309-354fb4cacd19}</UniqueIdentifier>
    </Filter>
    <Filter Include="Header Files\include\domain">
      <UniqueIdentifier>{3e9573a2-e08a-49fd-9195-d7d38a792528}</UniqueIdentifier>
    </Filter>
    <Filter Include="Header Files\include\database_configuration">
      <UniqueIdentifier>{175467df-646e-4904-af78-5275f943f1e5}</UniqueIdentifier>
    </Filter>
    <Filter Include="Header Files\include\validations">
      <UniqueIdentifier>{04ce898d-5140-4074-8509-b37062767f59}</UniqueIdentifier>
    </Filter>
    <Filter Include="Source Files\domain">
      <UniqueIdentifier>{a15f8605-bbcd-4c29-843a-70056dc86c3f}</UniqueIdentifier>
    </Filter>
    <Filter Include="Header Files\include\create">
      <UniqueIdentifier>{817583eb-4485-4a78-8f6c-73c3b138e92b}</UniqueIdentifier>
    </Filter>
    <Filter Include="Source Files\domain\global">
      <UniqueIdentifier>{e35c3abe-da2c-4976-8466-c21a8b4142e4}</UniqueIdentifier>
    </Filter>
    <Filter Include="Source Files\domain\global\validation">
      <UniqueIdentifier>{e101af68-852c-4ebd-b8dd-badde94f18c9}</UniqueIdentifier>
    </Filter>
    <Filter Include="Source Files\domain\global\sql_queries">
      <UniqueIdentifier>{ca9f6a36-f9d2-491d-ac45-3ed14637e008}</UniqueIdentifier>
    </Filter>
    <Filter Include="Source Files\domain\global\create">
      <UniqueIdentifier>{8eb8b2b3-9b89-430c-b841-adfab37f14fa}</UniqueIdentifier>
    </Filter>
  </ItemGroup>
  <ItemGroup>
    <ClInclude Include="main.hpp">
      <Filter>Header Files\include</Filter>
    </ClInclude>
    <ClInclude Include="menu.hpp">
      <Filter>Header Files\include</Filter>
    </ClInclude>
    <ClInclude Include="sign_in.hpp">
      <Filter>Header Files\include</Filter>
    </ClInclude>
    <ClInclude Include="welcome.hpp">
      <Filter>Header Files\include</Filter>
    </ClInclude>
    <ClInclude Include="address.hpp">
      <Filter>Header Files\include\domain</Filter>
    </ClInclude>
    <ClInclude Include="city.hpp">
      <Filter>Header Files\include\domain</Filter>
    </ClInclude>
    <ClInclude Include="customer.hpp">
      <Filter>Header Files\include\domain</Filter>
    </ClInclude>
    <ClInclude Include="pharmacist.hpp">
      <Filter>Header Files\include\domain</Filter>
    </ClInclude>
    <ClInclude Include="person.hpp">
      <Filter>Header Files\include\domain</Filter>
    </ClInclude>
    <ClInclude Include="product.hpp">
      <Filter>Header Files\include\domain</Filter>
    </ClInclude>
    <ClInclude Include="street.hpp">
      <Filter>Header Files\include\domain</Filter>
    </ClInclude>
    <ClInclude Include="create_database_relations.hpp">
      <Filter>Header Files\include\database_configuration</Filter>
    </ClInclude>
    <ClInclude Include="connect.hpp">
      <Filter>Header Files\include\database_configuration</Filter>
    </ClInclude>
    <ClInclude Include="result.hpp">
      <Filter>Header Files\include\database_configuration</Filter>
    </ClInclude>
    <ClInclude Include="type.hpp">
      <Filter>Header Files\include</Filter>
    </ClInclude>
    <ClInclude Include="create_person_query.hpp">
      <Filter>Header Files\include\database_configuration</Filter>
    </ClInclude>
    <ClInclude Include="pharmacist_option.hpp">
      <Filter>Header Files\include</Filter>
    </ClInclude>
    <ClInclude Include="pharmacist_option_output.hpp">
      <Filter>Header Files\include</Filter>
    </ClInclude>
    <ClInclude Include="pharmacist_output.hpp">
      <Filter>Header Files\include\validations</Filter>
    </ClInclude>
    <ClInclude Include="add_product.hpp">
      <Filter>Header Files\include\validations</Filter>
    </ClInclude>
    <ClInclude Include="add_customer_query.hpp">
      <Filter>Header Files\include\database_configuration</Filter>
    </ClInclude>
    <ClInclude Include="add_product_query.hpp">
      <Filter>Header Files\include\database_configuration</Filter>
    </ClInclude>
    <ClInclude Include="create_person.hpp">
      <Filter>Header Files\include\create</Filter>
    </ClInclude>
    <ClInclude Include="make_purchase.hpp">
      <Filter>Header Files\include\create</Filter>
    </ClInclude>
    <ClInclude Include="menu_output.hpp">
      <Filter>Header Files\include\validations</Filter>
    </ClInclude>
    <ClInclude Include="person_create_query.hpp">
      <Filter>Header Files\include</Filter>
    </ClInclude>
    <ClInclude Include="purchase.hpp">
      <Filter>Header Files\include\domain</Filter>
    </ClInclude>
    <ClInclude Include="create_purchases.hpp">
      <Filter>Header Files\include</Filter>
    </ClInclude>
    <ClInclude Include="create_purchases_query.hpp">
      <Filter>Header Files\include\database_configuration</Filter>
    </ClInclude>
    <ClInclude Include="sign_in_query.hpp">
      <Filter>Header Files\include\create</Filter>
    </ClInclude>
    <ClInclude Include="execute_query.hpp">
      <Filter>Header Files\include\database_configuration</Filter>
    </ClInclude>
    <ClInclude Include="add_person.hpp">
      <Filter>Header Files\include\create</Filter>
    </ClInclude>
    <ClInclude Include="create_bill.hpp">
      <Filter>Header Files\include\create</Filter>
    </ClInclude>
    <ClInclude Include="global_counter.hpp">
      <Filter>Header Files\include</Filter>
    </ClInclude>
    <ClInclude Include="is_menu_choice_valid.hpp">
      <Filter>Header Files\include\validations</Filter>
    </ClInclude>
    <ClInclude Include="authentication.hpp">
      <Filter>Header Files\include\database_configuration</Filter>
    </ClInclude>
    <ClInclude Include="is_product_available.hpp">
      <Filter>Header Files\include</Filter>
    </ClInclude>
    <ClInclude Include="get_product.hpp">
      <Filter>Header Files\include\database_configuration</Filter>
    </ClInclude>
    <ClInclude Include="decrement_quantity.hpp">
      <Filter>Header Files\include</Filter>
    </ClInclude>
    <ClInclude Include="create_person_type.hpp">
      <Filter>Header Files\include\create</Filter>
    </ClInclude>
  </ItemGroup>
  <ItemGroup>
    <ClCompile Include="main.cpp">
      <Filter>Source Files</Filter>
    </ClCompile>
    <ClCompile Include="create_database_relations.cpp">
      <Filter>Source Files\database_configurations</Filter>
    </ClCompile>
    <ClCompile Include="address.cpp">
      <Filter>Source Files\domain</Filter>
    </ClCompile>
    <ClCompile Include="city.cpp">
      <Filter>Source Files\domain</Filter>
    </ClCompile>
    <ClCompile Include="customer.cpp">
      <Filter>Source Files\domain</Filter>
    </ClCompile>
    <ClCompile Include="pharmacist.cpp">
      <Filter>Source Files\domain</Filter>
    </ClCompile>
    <ClCompile Include="product.cpp">
      <Filter>Source Files\domain</Filter>
    </ClCompile>
    <ClCompile Include="street.cpp">
      <Filter>Source Files\domain</Filter>
    </ClCompile>
    <ClCompile Include="menu.cpp">
      <Filter>Source Files\domain\global</Filter>
    </ClCompile>
    <ClCompile Include="sign_in.cpp">
      <Filter>Source Files\domain\global</Filter>
    </ClCompile>
    <ClCompile Include="welcome.cpp">
      <Filter>Source Files\domain\global</Filter>
    </ClCompile>
    <ClCompile Include="person.cpp">
      <Filter>Source Files\domain</Filter>
    </ClCompile>
    <ClCompile Include="create_person_query.cpp">
      <Filter>Source Files\domain\global\sql_queries</Filter>
    </ClCompile>
    <ClCompile Include="pharmacist_option.cpp">
      <Filter>Source Files\domain\global</Filter>
    </ClCompile>
    <ClCompile Include="pharmacist_output.cpp">
      <Filter>Source Files\domain\global</Filter>
    </ClCompile>
    <ClCompile Include="add_product_query.cpp">
      <Filter>Source Files\domain\global\sql_queries</Filter>
    </ClCompile>
    <ClCompile Include="make_purchase.cpp">
      <Filter>Source Files\domain\global</Filter>
    </ClCompile>
    <ClCompile Include="menu_output.cpp">
      <Filter>Source Files\domain\global</Filter>
    </ClCompile>
    <ClCompile Include="add_product.cpp">
      <Filter>Source Files\domain\global\create</Filter>
    </ClCompile>
    <ClCompile Include="create_person.cpp">
      <Filter>Source Files\domain\global\create</Filter>
    </ClCompile>
    <ClCompile Include="authentication.cpp">
      <Filter>Source Files\domain\global\validation</Filter>
    </ClCompile>
    <ClCompile Include="purchase.cpp">
      <Filter>Source Files\domain</Filter>
    </ClCompile>
    <ClCompile Include="create_purchases.cpp">
      <Filter>Source Files\domain\global\validation</Filter>
    </ClCompile>
    <ClCompile Include="create_purchase_query.cpp">
      <Filter>Source Files\domain\global\sql_queries</Filter>
    </ClCompile>
    <ClCompile Include="sign_in_query.cpp">
      <Filter>Source Files\domain\global\create</Filter>
    </ClCompile>
    <ClCompile Include="execute_query.cpp">
      <Filter>Source Files\domain\global\sql_queries</Filter>
    </ClCompile>
    <ClCompile Include="add_person.cpp">
      <Filter>Source Files\domain\global\create</Filter>
    </ClCompile>
    <ClCompile Include="create_bill.cpp">
      <Filter>Source Files\domain\global\create</Filter>
    </ClCompile>
    <ClCompile Include="is_menu_choice_valid.cpp">
      <Filter>Source Files\domain\global\validation</Filter>
    </ClCompile>
    <ClCompile Include="is_product_available.cpp">
      <Filter>Source Files\domain\global\validation</Filter>
    </ClCompile>
    <ClCompile Include="get_product.cpp">
      <Filter>Source Files\domain\global\sql_queries</Filter>
    </ClCompile>
    <ClCompile Include="decrement_quantity.cpp">
      <Filter>Source Files</Filter>
    </ClCompile>
  </ItemGroup>
  <ItemGroup>
    <None Include="check_menu_choice.hpp">
      <Filter>Header Files\include\validations</Filter>
    </None>
  </ItemGroup>
</Project>